// !$*UTF8*$!
{
	archiveVersion = 1;
	classes = {
	};
	objectVersion = 51;
	objects = {

/* Begin PBXBuildFile section */
		228D4FABF3C34AF29F4C6DA2 /* Pods_UberCook.framework in Frameworks */ = {isa = PBXBuildFile; fileRef = C13B862B7C1F638E25B2E140 /* Pods_UberCook.framework */; };
		33B7174A2515AF570013A923 /* ChefGoogleMapVC.swift in Sources */ = {isa = PBXBuildFile; fileRef = 33B717492515AF570013A923 /* ChefGoogleMapVC.swift */; };
		33B7174C2515B0470013A923 /* GoogleMapVC.swift in Sources */ = {isa = PBXBuildFile; fileRef = 33B7174B2515B0470013A923 /* GoogleMapVC.swift */; };
		33B7174F2515B1860013A923 /* Order_Point.swift in Sources */ = {isa = PBXBuildFile; fileRef = 33B7174D2515B1860013A923 /* Order_Point.swift */; };
		33B717502515B1860013A923 /* MapPath.swift in Sources */ = {isa = PBXBuildFile; fileRef = 33B7174E2515B1860013A923 /* MapPath.swift */; };
		33C8ADAE2515C2BA00C5CEFA /* ChatPageController.swift in Sources */ = {isa = PBXBuildFile; fileRef = 33C8ADAD2515C2BA00C5CEFA /* ChatPageController.swift */; };
		33C8ADB02515C30400C5CEFA /* BlogViewController.swift in Sources */ = {isa = PBXBuildFile; fileRef = 33C8ADAF2515C30400C5CEFA /* BlogViewController.swift */; };
		33C8ADB22515C39800C5CEFA /* RecipesTVCViewController.swift in Sources */ = {isa = PBXBuildFile; fileRef = 33C8ADB12515C39800C5CEFA /* RecipesTVCViewController.swift */; };
		33C8ADB42515C49500C5CEFA /* RecipeDetailViewController.swift in Sources */ = {isa = PBXBuildFile; fileRef = 33C8ADB32515C49500C5CEFA /* RecipeDetailViewController.swift */; };
		33C8ADB62515C4F100C5CEFA /* PostVC.swift in Sources */ = {isa = PBXBuildFile; fileRef = 33C8ADB52515C4F100C5CEFA /* PostVC.swift */; };
		33C8ADB82515C52500C5CEFA /* MessageTVC.swift in Sources */ = {isa = PBXBuildFile; fileRef = 33C8ADB72515C52500C5CEFA /* MessageTVC.swift */; };
		33C8ADBA2515C55000C5CEFA /* Message.swift in Sources */ = {isa = PBXBuildFile; fileRef = 33C8ADB92515C55000C5CEFA /* Message.swift */; };
		33C8ADBC2515C59600C5CEFA /* MessageCell.swift in Sources */ = {isa = PBXBuildFile; fileRef = 33C8ADBB2515C59600C5CEFA /* MessageCell.swift */; };
		33D2994E250DF02D0026F280 /* StoreValueTableViewController.swift in Sources */ = {isa = PBXBuildFile; fileRef = 33D2994D250DF02D0026F280 /* StoreValueTableViewController.swift */; };
		33D29950250DF2790026F280 /* Wallet.swift in Sources */ = {isa = PBXBuildFile; fileRef = 33D2994F250DF2790026F280 /* Wallet.swift */; };
		33D29954250DF8E50026F280 /* WalletCell.swift in Sources */ = {isa = PBXBuildFile; fileRef = 33D29953250DF8E50026F280 /* WalletCell.swift */; };
		33D29956250E03290026F280 /* SafariServices.framework in Frameworks */ = {isa = PBXBuildFile; fileRef = 33D29955250E02F20026F280 /* SafariServices.framework */; };
		33D29958250E034C0026F280 /* TPDirect.framework in Frameworks */ = {isa = PBXBuildFile; fileRef = 33D29957250E034C0026F280 /* TPDirect.framework */; };
		B761D6CE2510663C00AA0071 /* FriendChatCell.swift in Sources */ = {isa = PBXBuildFile; fileRef = B761D6CD2510663C00AA0071 /* FriendChatCell.swift */; };
		B761D6D02510664900AA0071 /* MyChatCell.swift in Sources */ = {isa = PBXBuildFile; fileRef = B761D6CF2510664900AA0071 /* MyChatCell.swift */; };
		C51F73E025134F3C004FB72C /* WaittingTableViewController.swift in Sources */ = {isa = PBXBuildFile; fileRef = C51F73DF25134F3C004FB72C /* WaittingTableViewController.swift */; };
		C51F73E225134F63004FB72C /* WaittingTableViewCell.swift in Sources */ = {isa = PBXBuildFile; fileRef = C51F73E125134F63004FB72C /* WaittingTableViewCell.swift */; };
		C51F73E425138E1C004FB72C /* WaittingDetailViewController.swift in Sources */ = {isa = PBXBuildFile; fileRef = C51F73E325138E1C004FB72C /* WaittingDetailViewController.swift */; };
		C51F73E6251459DD004FB72C /* WaittingDetailTableViewCell.swift in Sources */ = {isa = PBXBuildFile; fileRef = C51F73E5251459DD004FB72C /* WaittingDetailTableViewCell.swift */; };
		C51F73E82514613D004FB72C /* OrderInfoTableViewController.swift in Sources */ = {isa = PBXBuildFile; fileRef = C51F73E72514613D004FB72C /* OrderInfoTableViewController.swift */; };
		C51F73EA25149C4D004FB72C /* StartingDetailViewController.swift in Sources */ = {isa = PBXBuildFile; fileRef = C51F73E925149C4C004FB72C /* StartingDetailViewController.swift */; };
		C51F73EC2514A0D1004FB72C /* StartingTableViewController.swift in Sources */ = {isa = PBXBuildFile; fileRef = C51F73EB2514A0D1004FB72C /* StartingTableViewController.swift */; };
		C51F73EE2514A25F004FB72C /* StartingTableViewCell.swift in Sources */ = {isa = PBXBuildFile; fileRef = C51F73ED2514A25F004FB72C /* StartingTableViewCell.swift */; };
		C51F73F02514C027004FB72C /* startingOrderInfoTableViewController.swift in Sources */ = {isa = PBXBuildFile; fileRef = C51F73EF2514C026004FB72C /* startingOrderInfoTableViewController.swift */; };
		C51F73F22514D6AC004FB72C /* OrderListParentViewController.swift in Sources */ = {isa = PBXBuildFile; fileRef = C51F73F12514D6AB004FB72C /* OrderListParentViewController.swift */; };
		C52B584A250E3E3A000B312A /* MenuCollectionViewController.swift in Sources */ = {isa = PBXBuildFile; fileRef = C52B5849250E3E3A000B312A /* MenuCollectionViewController.swift */; };
		C52B584C250E3E7F000B312A /* MenuCollectionViewCell.swift in Sources */ = {isa = PBXBuildFile; fileRef = C52B584B250E3E7F000B312A /* MenuCollectionViewCell.swift */; };
		C52B584E250E3EBB000B312A /* MenuController.swift in Sources */ = {isa = PBXBuildFile; fileRef = C52B584D250E3EBB000B312A /* MenuController.swift */; };
		C5808F8C250F94FC00CF80FC /* TotalOrderListTableViewCell.swift in Sources */ = {isa = PBXBuildFile; fileRef = C5808F8B250F94FC00CF80FC /* TotalOrderListTableViewCell.swift */; };
		C5808F8E250F974100CF80FC /* TotalOrderListViewController.swift in Sources */ = {isa = PBXBuildFile; fileRef = C5808F8D250F974100CF80FC /* TotalOrderListViewController.swift */; };
		C5808F90250F9D3300CF80FC /* GlobalVariables.swift in Sources */ = {isa = PBXBuildFile; fileRef = C5808F8F250F9D3300CF80FC /* GlobalVariables.swift */; };
		C5808F962511E24B00CF80FC /* OrderObj.swift in Sources */ = {isa = PBXBuildFile; fileRef = C5808F952511E24B00CF80FC /* OrderObj.swift */; };
		E5149528250A037600A7290D /* ChatMessage.swift in Sources */ = {isa = PBXBuildFile; fileRef = E5149526250A037600A7290D /* ChatMessage.swift */; };
		E5149529250A037600A7290D /* StateMessage.swift in Sources */ = {isa = PBXBuildFile; fileRef = E5149527250A037600A7290D /* StateMessage.swift */; };
		E514952B250A1B1E00A7290D /* Track.swift in Sources */ = {isa = PBXBuildFile; fileRef = E514952A250A1B1E00A7290D /* Track.swift */; };
		E514952D250B499F00A7290D /* FavoriteTableViewCell.swift in Sources */ = {isa = PBXBuildFile; fileRef = E514952C250B499E00A7290D /* FavoriteTableViewCell.swift */; };
		E514952F250B4A1800A7290D /* FavoriteTVC.swift in Sources */ = {isa = PBXBuildFile; fileRef = E514952E250B4A1800A7290D /* FavoriteTVC.swift */; };
		E529F70225037E610079A593 /* Caches.swift in Sources */ = {isa = PBXBuildFile; fileRef = E529F70125037E610079A593 /* Caches.swift */; };
		E5815F52250BB07A000D149D /* TrackTVC.swift in Sources */ = {isa = PBXBuildFile; fileRef = E5815F51250BB07A000D149D /* TrackTVC.swift */; };
		E5815F54250BB0A4000D149D /* CollectionTVC.swift in Sources */ = {isa = PBXBuildFile; fileRef = E5815F53250BB0A4000D149D /* CollectionTVC.swift */; };
		E589F8E225094E4D00169A6D /* User_name.swift in Sources */ = {isa = PBXBuildFile; fileRef = E589F8E125094E4D00169A6D /* User_name.swift */; };
		E589F8E42509F31100169A6D /* LoginObj.swift in Sources */ = {isa = PBXBuildFile; fileRef = E589F8E32509F31100169A6D /* LoginObj.swift */; };
		E5925C2D24FF9E5D002D5C4D /* BlogCollectionViewCell.swift in Sources */ = {isa = PBXBuildFile; fileRef = E5925C2C24FF9E5D002D5C4D /* BlogCollectionViewCell.swift */; };
		E5925C2F24FFA0B9002D5C4D /* Blog.swift in Sources */ = {isa = PBXBuildFile; fileRef = E5925C2E24FFA0B9002D5C4D /* Blog.swift */; };
		E5925C3124FFF2DE002D5C4D /* BlogHeardReusableView.swift in Sources */ = {isa = PBXBuildFile; fileRef = E5925C3024FFF2DE002D5C4D /* BlogHeardReusableView.swift */; };
		E5925C3525001617002D5C4D /* RecipeListCell.swift in Sources */ = {isa = PBXBuildFile; fileRef = E5925C3425001617002D5C4D /* RecipeListCell.swift */; };
		E5925C3725001E1E002D5C4D /* RecipeList.swift in Sources */ = {isa = PBXBuildFile; fileRef = E5925C3625001E1E002D5C4D /* RecipeList.swift */; };
		E59294EC24FA8E7B00C8F9A2 /* AppDelegate.swift in Sources */ = {isa = PBXBuildFile; fileRef = E59294EB24FA8E7B00C8F9A2 /* AppDelegate.swift */; };
		E59294EE24FA8E7B00C8F9A2 /* SceneDelegate.swift in Sources */ = {isa = PBXBuildFile; fileRef = E59294ED24FA8E7B00C8F9A2 /* SceneDelegate.swift */; };
		E59294F324FA8E7B00C8F9A2 /* Main.storyboard in Resources */ = {isa = PBXBuildFile; fileRef = E59294F124FA8E7B00C8F9A2 /* Main.storyboard */; };
		E59294F524FA8E7E00C8F9A2 /* Assets.xcassets in Resources */ = {isa = PBXBuildFile; fileRef = E59294F424FA8E7E00C8F9A2 /* Assets.xcassets */; };
		E59294F824FA8E7E00C8F9A2 /* LaunchScreen.storyboard in Resources */ = {isa = PBXBuildFile; fileRef = E59294F624FA8E7E00C8F9A2 /* LaunchScreen.storyboard */; };
		E592950024FAA37700C8F9A2 /* Common.swift in Sources */ = {isa = PBXBuildFile; fileRef = E59294FF24FAA37700C8F9A2 /* Common.swift */; };
		E592950624FABD7700C8F9A2 /* Home.swift in Sources */ = {isa = PBXBuildFile; fileRef = E592950524FABD7700C8F9A2 /* Home.swift */; };
		E592950824FADED000C8F9A2 /* ChefLeader.swift in Sources */ = {isa = PBXBuildFile; fileRef = E592950724FADED000C8F9A2 /* ChefLeader.swift */; };
		E592950C24FBA1B500C8F9A2 /* HomeCollectionViewCell.swift in Sources */ = {isa = PBXBuildFile; fileRef = E592950B24FBA1B500C8F9A2 /* HomeCollectionViewCell.swift */; };
		E592950E24FC2C9700C8F9A2 /* Recipe.swift in Sources */ = {isa = PBXBuildFile; fileRef = E592950D24FC2C9600C8F9A2 /* Recipe.swift */; };
		E592F701250BD778003FDF2A /* TrackCell.swift in Sources */ = {isa = PBXBuildFile; fileRef = E592F700250BD778003FDF2A /* TrackCell.swift */; };
		E592F703250BF308003FDF2A /* Collection.swift in Sources */ = {isa = PBXBuildFile; fileRef = E592F702250BF308003FDF2A /* Collection.swift */; };
		E592F705250BF60F003FDF2A /* CollectionCell.swift in Sources */ = {isa = PBXBuildFile; fileRef = E592F704250BF60F003FDF2A /* CollectionCell.swift */; };
		E592F707250D33F0003FDF2A /* CashVC.swift in Sources */ = {isa = PBXBuildFile; fileRef = E592F706250D33EF003FDF2A /* CashVC.swift */; };
		E5AF25C2250A01DA00FBAD9F /* Login.swift in Sources */ = {isa = PBXBuildFile; fileRef = E5AF25C1250A01DA00FBAD9F /* Login.swift */; };
/* End PBXBuildFile section */

/* Begin PBXFileReference section */
		0A179A3B26CE5E7A8DFCE1F0 /* Pods-UberCook.release.xcconfig */ = {isa = PBXFileReference; includeInIndex = 1; lastKnownFileType = text.xcconfig; name = "Pods-UberCook.release.xcconfig"; path = "Target Support Files/Pods-UberCook/Pods-UberCook.release.xcconfig"; sourceTree = "<group>"; };
		33B717492515AF570013A923 /* ChefGoogleMapVC.swift */ = {isa = PBXFileReference; fileEncoding = 4; lastKnownFileType = sourcecode.swift; path = ChefGoogleMapVC.swift; sourceTree = "<group>"; };
		33B7174B2515B0470013A923 /* GoogleMapVC.swift */ = {isa = PBXFileReference; fileEncoding = 4; lastKnownFileType = sourcecode.swift; path = GoogleMapVC.swift; sourceTree = "<group>"; };
		33B7174D2515B1860013A923 /* Order_Point.swift */ = {isa = PBXFileReference; fileEncoding = 4; lastKnownFileType = sourcecode.swift; path = Order_Point.swift; sourceTree = "<group>"; };
		33B7174E2515B1860013A923 /* MapPath.swift */ = {isa = PBXFileReference; fileEncoding = 4; lastKnownFileType = sourcecode.swift; path = MapPath.swift; sourceTree = "<group>"; };
		33C8ADAD2515C2BA00C5CEFA /* ChatPageController.swift */ = {isa = PBXFileReference; fileEncoding = 4; lastKnownFileType = sourcecode.swift; path = ChatPageController.swift; sourceTree = "<group>"; };
		33C8ADAF2515C30400C5CEFA /* BlogViewController.swift */ = {isa = PBXFileReference; fileEncoding = 4; lastKnownFileType = sourcecode.swift; path = BlogViewController.swift; sourceTree = "<group>"; };
		33C8ADB12515C39800C5CEFA /* RecipesTVCViewController.swift */ = {isa = PBXFileReference; fileEncoding = 4; lastKnownFileType = sourcecode.swift; path = RecipesTVCViewController.swift; sourceTree = "<group>"; };
		33C8ADB32515C49500C5CEFA /* RecipeDetailViewController.swift */ = {isa = PBXFileReference; fileEncoding = 4; lastKnownFileType = sourcecode.swift; path = RecipeDetailViewController.swift; sourceTree = "<group>"; };
		33C8ADB52515C4F100C5CEFA /* PostVC.swift */ = {isa = PBXFileReference; fileEncoding = 4; lastKnownFileType = sourcecode.swift; path = PostVC.swift; sourceTree = "<group>"; };
		33C8ADB72515C52500C5CEFA /* MessageTVC.swift */ = {isa = PBXFileReference; fileEncoding = 4; lastKnownFileType = sourcecode.swift; path = MessageTVC.swift; sourceTree = "<group>"; };
		33C8ADB92515C55000C5CEFA /* Message.swift */ = {isa = PBXFileReference; fileEncoding = 4; lastKnownFileType = sourcecode.swift; path = Message.swift; sourceTree = "<group>"; };
		33C8ADBB2515C59600C5CEFA /* MessageCell.swift */ = {isa = PBXFileReference; fileEncoding = 4; lastKnownFileType = sourcecode.swift; path = MessageCell.swift; sourceTree = "<group>"; };
		33D2994D250DF02D0026F280 /* StoreValueTableViewController.swift */ = {isa = PBXFileReference; lastKnownFileType = sourcecode.swift; path = StoreValueTableViewController.swift; sourceTree = "<group>"; };
		33D2994F250DF2790026F280 /* Wallet.swift */ = {isa = PBXFileReference; lastKnownFileType = sourcecode.swift; path = Wallet.swift; sourceTree = "<group>"; };
		33D29953250DF8E50026F280 /* WalletCell.swift */ = {isa = PBXFileReference; lastKnownFileType = sourcecode.swift; path = WalletCell.swift; sourceTree = "<group>"; };
		33D29955250E02F20026F280 /* SafariServices.framework */ = {isa = PBXFileReference; lastKnownFileType = wrapper.framework; name = SafariServices.framework; path = System/Library/Frameworks/SafariServices.framework; sourceTree = SDKROOT; };
		33D29957250E034C0026F280 /* TPDirect.framework */ = {isa = PBXFileReference; lastKnownFileType = wrapper.framework; path = TPDirect.framework; sourceTree = "<group>"; };
		B45D85793F5E1DD143A49539 /* Pods-UberCook.debug.xcconfig */ = {isa = PBXFileReference; includeInIndex = 1; lastKnownFileType = text.xcconfig; name = "Pods-UberCook.debug.xcconfig"; path = "Target Support Files/Pods-UberCook/Pods-UberCook.debug.xcconfig"; sourceTree = "<group>"; };
		B761D6CD2510663C00AA0071 /* FriendChatCell.swift */ = {isa = PBXFileReference; lastKnownFileType = sourcecode.swift; path = FriendChatCell.swift; sourceTree = "<group>"; };
		B761D6CF2510664900AA0071 /* MyChatCell.swift */ = {isa = PBXFileReference; lastKnownFileType = sourcecode.swift; path = MyChatCell.swift; sourceTree = "<group>"; };
		C13B862B7C1F638E25B2E140 /* Pods_UberCook.framework */ = {isa = PBXFileReference; explicitFileType = wrapper.framework; includeInIndex = 0; path = Pods_UberCook.framework; sourceTree = BUILT_PRODUCTS_DIR; };
		C51F73DF25134F3C004FB72C /* WaittingTableViewController.swift */ = {isa = PBXFileReference; lastKnownFileType = sourcecode.swift; path = WaittingTableViewController.swift; sourceTree = "<group>"; };
		C51F73E125134F63004FB72C /* WaittingTableViewCell.swift */ = {isa = PBXFileReference; lastKnownFileType = sourcecode.swift; path = WaittingTableViewCell.swift; sourceTree = "<group>"; };
		C51F73E325138E1C004FB72C /* WaittingDetailViewController.swift */ = {isa = PBXFileReference; lastKnownFileType = sourcecode.swift; path = WaittingDetailViewController.swift; sourceTree = "<group>"; };
		C51F73E5251459DD004FB72C /* WaittingDetailTableViewCell.swift */ = {isa = PBXFileReference; lastKnownFileType = sourcecode.swift; path = WaittingDetailTableViewCell.swift; sourceTree = "<group>"; };
		C51F73E72514613D004FB72C /* OrderInfoTableViewController.swift */ = {isa = PBXFileReference; lastKnownFileType = sourcecode.swift; path = OrderInfoTableViewController.swift; sourceTree = "<group>"; };
		C51F73E925149C4C004FB72C /* StartingDetailViewController.swift */ = {isa = PBXFileReference; lastKnownFileType = sourcecode.swift; path = StartingDetailViewController.swift; sourceTree = "<group>"; };
		C51F73EB2514A0D1004FB72C /* StartingTableViewController.swift */ = {isa = PBXFileReference; lastKnownFileType = sourcecode.swift; path = StartingTableViewController.swift; sourceTree = "<group>"; };
		C51F73ED2514A25F004FB72C /* StartingTableViewCell.swift */ = {isa = PBXFileReference; lastKnownFileType = sourcecode.swift; path = StartingTableViewCell.swift; sourceTree = "<group>"; };
		C51F73EF2514C026004FB72C /* startingOrderInfoTableViewController.swift */ = {isa = PBXFileReference; lastKnownFileType = sourcecode.swift; path = startingOrderInfoTableViewController.swift; sourceTree = "<group>"; };
		C51F73F12514D6AB004FB72C /* OrderListParentViewController.swift */ = {isa = PBXFileReference; lastKnownFileType = sourcecode.swift; path = OrderListParentViewController.swift; sourceTree = "<group>"; };
		C52B5849250E3E3A000B312A /* MenuCollectionViewController.swift */ = {isa = PBXFileReference; lastKnownFileType = sourcecode.swift; path = MenuCollectionViewController.swift; sourceTree = "<group>"; };
		C52B584B250E3E7F000B312A /* MenuCollectionViewCell.swift */ = {isa = PBXFileReference; lastKnownFileType = sourcecode.swift; path = MenuCollectionViewCell.swift; sourceTree = "<group>"; };
		C52B584D250E3EBB000B312A /* MenuController.swift */ = {isa = PBXFileReference; lastKnownFileType = sourcecode.swift; path = MenuController.swift; sourceTree = "<group>"; };
		C5808F8B250F94FC00CF80FC /* TotalOrderListTableViewCell.swift */ = {isa = PBXFileReference; lastKnownFileType = sourcecode.swift; path = TotalOrderListTableViewCell.swift; sourceTree = "<group>"; };
		C5808F8D250F974100CF80FC /* TotalOrderListViewController.swift */ = {isa = PBXFileReference; lastKnownFileType = sourcecode.swift; path = TotalOrderListViewController.swift; sourceTree = "<group>"; };
		C5808F8F250F9D3300CF80FC /* GlobalVariables.swift */ = {isa = PBXFileReference; fileEncoding = 4; lastKnownFileType = sourcecode.swift; path = GlobalVariables.swift; sourceTree = "<group>"; };
		C5808F952511E24B00CF80FC /* OrderObj.swift */ = {isa = PBXFileReference; lastKnownFileType = sourcecode.swift; path = OrderObj.swift; sourceTree = "<group>"; };
		E5149526250A037600A7290D /* ChatMessage.swift */ = {isa = PBXFileReference; fileEncoding = 4; lastKnownFileType = sourcecode.swift; path = ChatMessage.swift; sourceTree = "<group>"; };
		E5149527250A037600A7290D /* StateMessage.swift */ = {isa = PBXFileReference; fileEncoding = 4; lastKnownFileType = sourcecode.swift; path = StateMessage.swift; sourceTree = "<group>"; };
		E514952A250A1B1E00A7290D /* Track.swift */ = {isa = PBXFileReference; lastKnownFileType = sourcecode.swift; path = Track.swift; sourceTree = "<group>"; };
		E514952C250B499E00A7290D /* FavoriteTableViewCell.swift */ = {isa = PBXFileReference; lastKnownFileType = sourcecode.swift; path = FavoriteTableViewCell.swift; sourceTree = "<group>"; };
		E514952E250B4A1800A7290D /* FavoriteTVC.swift */ = {isa = PBXFileReference; lastKnownFileType = sourcecode.swift; path = FavoriteTVC.swift; sourceTree = "<group>"; };
		E529F70125037E610079A593 /* Caches.swift */ = {isa = PBXFileReference; lastKnownFileType = sourcecode.swift; path = Caches.swift; sourceTree = "<group>"; };
		E5815F51250BB07A000D149D /* TrackTVC.swift */ = {isa = PBXFileReference; lastKnownFileType = sourcecode.swift; path = TrackTVC.swift; sourceTree = "<group>"; };
		E5815F53250BB0A4000D149D /* CollectionTVC.swift */ = {isa = PBXFileReference; lastKnownFileType = sourcecode.swift; path = CollectionTVC.swift; sourceTree = "<group>"; };
		E589F8E125094E4D00169A6D /* User_name.swift */ = {isa = PBXFileReference; lastKnownFileType = sourcecode.swift; path = User_name.swift; sourceTree = "<group>"; };
		E589F8E32509F31100169A6D /* LoginObj.swift */ = {isa = PBXFileReference; fileEncoding = 4; lastKnownFileType = sourcecode.swift; path = LoginObj.swift; sourceTree = "<group>"; };
		E5925C2C24FF9E5D002D5C4D /* BlogCollectionViewCell.swift */ = {isa = PBXFileReference; lastKnownFileType = sourcecode.swift; path = BlogCollectionViewCell.swift; sourceTree = "<group>"; };
		E5925C2E24FFA0B9002D5C4D /* Blog.swift */ = {isa = PBXFileReference; lastKnownFileType = sourcecode.swift; path = Blog.swift; sourceTree = "<group>"; };
		E5925C3024FFF2DE002D5C4D /* BlogHeardReusableView.swift */ = {isa = PBXFileReference; lastKnownFileType = sourcecode.swift; path = BlogHeardReusableView.swift; sourceTree = "<group>"; };
		E5925C3425001617002D5C4D /* RecipeListCell.swift */ = {isa = PBXFileReference; lastKnownFileType = sourcecode.swift; path = RecipeListCell.swift; sourceTree = "<group>"; };
		E5925C3625001E1E002D5C4D /* RecipeList.swift */ = {isa = PBXFileReference; lastKnownFileType = sourcecode.swift; path = RecipeList.swift; sourceTree = "<group>"; };
		E59294E824FA8E7B00C8F9A2 /* UberCook.app */ = {isa = PBXFileReference; explicitFileType = wrapper.application; includeInIndex = 0; path = UberCook.app; sourceTree = BUILT_PRODUCTS_DIR; };
		E59294EB24FA8E7B00C8F9A2 /* AppDelegate.swift */ = {isa = PBXFileReference; lastKnownFileType = sourcecode.swift; path = AppDelegate.swift; sourceTree = "<group>"; };
		E59294ED24FA8E7B00C8F9A2 /* SceneDelegate.swift */ = {isa = PBXFileReference; lastKnownFileType = sourcecode.swift; path = SceneDelegate.swift; sourceTree = "<group>"; };
		E59294F224FA8E7B00C8F9A2 /* Base */ = {isa = PBXFileReference; lastKnownFileType = file.storyboard; name = Base; path = Base.lproj/Main.storyboard; sourceTree = "<group>"; };
		E59294F424FA8E7E00C8F9A2 /* Assets.xcassets */ = {isa = PBXFileReference; lastKnownFileType = folder.assetcatalog; path = Assets.xcassets; sourceTree = "<group>"; };
		E59294F724FA8E7E00C8F9A2 /* Base */ = {isa = PBXFileReference; lastKnownFileType = file.storyboard; name = Base; path = Base.lproj/LaunchScreen.storyboard; sourceTree = "<group>"; };
		E59294F924FA8E7E00C8F9A2 /* Info.plist */ = {isa = PBXFileReference; lastKnownFileType = text.plist.xml; path = Info.plist; sourceTree = "<group>"; };
		E59294FF24FAA37700C8F9A2 /* Common.swift */ = {isa = PBXFileReference; lastKnownFileType = sourcecode.swift; path = Common.swift; sourceTree = "<group>"; };
		E592950524FABD7700C8F9A2 /* Home.swift */ = {isa = PBXFileReference; lastKnownFileType = sourcecode.swift; path = Home.swift; sourceTree = "<group>"; };
		E592950724FADED000C8F9A2 /* ChefLeader.swift */ = {isa = PBXFileReference; lastKnownFileType = sourcecode.swift; path = ChefLeader.swift; sourceTree = "<group>"; };
		E592950B24FBA1B500C8F9A2 /* HomeCollectionViewCell.swift */ = {isa = PBXFileReference; lastKnownFileType = sourcecode.swift; path = HomeCollectionViewCell.swift; sourceTree = "<group>"; };
		E592950D24FC2C9600C8F9A2 /* Recipe.swift */ = {isa = PBXFileReference; lastKnownFileType = sourcecode.swift; path = Recipe.swift; sourceTree = "<group>"; };
		E592F700250BD778003FDF2A /* TrackCell.swift */ = {isa = PBXFileReference; lastKnownFileType = sourcecode.swift; path = TrackCell.swift; sourceTree = "<group>"; };
		E592F702250BF308003FDF2A /* Collection.swift */ = {isa = PBXFileReference; lastKnownFileType = sourcecode.swift; path = Collection.swift; sourceTree = "<group>"; };
		E592F704250BF60F003FDF2A /* CollectionCell.swift */ = {isa = PBXFileReference; lastKnownFileType = sourcecode.swift; path = CollectionCell.swift; sourceTree = "<group>"; };
		E592F706250D33EF003FDF2A /* CashVC.swift */ = {isa = PBXFileReference; lastKnownFileType = sourcecode.swift; path = CashVC.swift; sourceTree = "<group>"; };
		E5AF25C1250A01DA00FBAD9F /* Login.swift */ = {isa = PBXFileReference; fileEncoding = 4; lastKnownFileType = sourcecode.swift; path = Login.swift; sourceTree = "<group>"; };
/* End PBXFileReference section */

/* Begin PBXFrameworksBuildPhase section */
		E59294E524FA8E7B00C8F9A2 /* Frameworks */ = {
			isa = PBXFrameworksBuildPhase;
			buildActionMask = 2147483647;
			files = (
				33D29956250E03290026F280 /* SafariServices.framework in Frameworks */,
				228D4FABF3C34AF29F4C6DA2 /* Pods_UberCook.framework in Frameworks */,
				33D29958250E034C0026F280 /* TPDirect.framework in Frameworks */,
			);
			runOnlyForDeploymentPostprocessing = 0;
		};
/* End PBXFrameworksBuildPhase section */

/* Begin PBXGroup section */
		63D0FEB4905710840B7A6368 /* Frameworks */ = {
			isa = PBXGroup;
			children = (
				33D29955250E02F20026F280 /* SafariServices.framework */,
				C13B862B7C1F638E25B2E140 /* Pods_UberCook.framework */,
			);
			name = Frameworks;
			sourceTree = "<group>";
		};
		E292FC1E03B7AAF3C1BEFD5D /* Pods */ = {
			isa = PBXGroup;
			children = (
				B45D85793F5E1DD143A49539 /* Pods-UberCook.debug.xcconfig */,
				0A179A3B26CE5E7A8DFCE1F0 /* Pods-UberCook.release.xcconfig */,
			);
			path = Pods;
			sourceTree = "<group>";
		};
		E529F7562508F7190079A593 /* Common */ = {
			isa = PBXGroup;
			children = (
				E59294FF24FAA37700C8F9A2 /* Common.swift */,
				C5808F8F250F9D3300CF80FC /* GlobalVariables.swift */,
			);
			path = Common;
			sourceTree = "<group>";
		};
		E529F7572508F7330079A593 /* Vo */ = {
			isa = PBXGroup;
			children = (
				E589F8E32509F31100169A6D /* LoginObj.swift */,
				C5808F952511E24B00CF80FC /* OrderObj.swift */,
				33D2994F250DF2790026F280 /* Wallet.swift */,
				E514952A250A1B1E00A7290D /* Track.swift */,
				E592F702250BF308003FDF2A /* Collection.swift */,
				33C8ADB92515C55000C5CEFA /* Message.swift */,
				E5925C2E24FFA0B9002D5C4D /* Blog.swift */,
				E5925C3625001E1E002D5C4D /* RecipeList.swift */,
				E589F8E125094E4D00169A6D /* User_name.swift */,
				E5149526250A037600A7290D /* ChatMessage.swift */,
				E5149527250A037600A7290D /* StateMessage.swift */,
				E592950724FADED000C8F9A2 /* ChefLeader.swift */,
				E592950D24FC2C9600C8F9A2 /* Recipe.swift */,
				33B7174E2515B1860013A923 /* MapPath.swift */,
				33B7174D2515B1860013A923 /* Order_Point.swift */,
				C51F73E125134F63004FB72C /* WaittingTableViewCell.swift */,
			);
			path = Vo;
			sourceTree = "<group>";
		};
		E529F7582508F7570079A593 /* Cache */ = {
			isa = PBXGroup;
			children = (
				E529F70125037E610079A593 /* Caches.swift */,
			);
			path = Cache;
			sourceTree = "<group>";
		};
		E529F7592508F7690079A593 /* Cell */ = {
			isa = PBXGroup;
			children = (
				E5925C3425001617002D5C4D /* RecipeListCell.swift */,
				E592950B24FBA1B500C8F9A2 /* HomeCollectionViewCell.swift */,
				E5925C3024FFF2DE002D5C4D /* BlogHeardReusableView.swift */,
				E514952C250B499E00A7290D /* FavoriteTableViewCell.swift */,
				E592F704250BF60F003FDF2A /* CollectionCell.swift */,
				E592F700250BD778003FDF2A /* TrackCell.swift */,
				E5925C2C24FF9E5D002D5C4D /* BlogCollectionViewCell.swift */,
				33D29953250DF8E50026F280 /* WalletCell.swift */,
				33C8ADBB2515C59600C5CEFA /* MessageCell.swift */,
				B761D6CD2510663C00AA0071 /* FriendChatCell.swift */,
				B761D6CF2510664900AA0071 /* MyChatCell.swift */,
				C52B584B250E3E7F000B312A /* MenuCollectionViewCell.swift */,
				C5808F8B250F94FC00CF80FC /* TotalOrderListTableViewCell.swift */,
			);
			path = Cell;
			sourceTree = "<group>";
		};
		E59294DF24FA8E7B00C8F9A2 = {
			isa = PBXGroup;
			children = (
				E59294EA24FA8E7B00C8F9A2 /* UberCook */,
				E59294E924FA8E7B00C8F9A2 /* Products */,
				E292FC1E03B7AAF3C1BEFD5D /* Pods */,
				63D0FEB4905710840B7A6368 /* Frameworks */,
			);
			sourceTree = "<group>";
		};
		E59294E924FA8E7B00C8F9A2 /* Products */ = {
			isa = PBXGroup;
			children = (
				E59294E824FA8E7B00C8F9A2 /* UberCook.app */,
			);
			name = Products;
			sourceTree = "<group>";
		};
		E59294EA24FA8E7B00C8F9A2 /* UberCook */ = {
			isa = PBXGroup;
			children = (
				E529F7592508F7690079A593 /* Cell */,
				E529F7582508F7570079A593 /* Cache */,
				E529F7572508F7330079A593 /* Vo */,
				E529F7562508F7190079A593 /* Common */,
				E59294EB24FA8E7B00C8F9A2 /* AppDelegate.swift */,
				33C8ADAF2515C30400C5CEFA /* BlogViewController.swift */,
				33D2994D250DF02D0026F280 /* StoreValueTableViewController.swift */,
				33C8ADB72515C52500C5CEFA /* MessageTVC.swift */,
				E59294ED24FA8E7B00C8F9A2 /* SceneDelegate.swift */,
				E592950524FABD7700C8F9A2 /* Home.swift */,
				E514952E250B4A1800A7290D /* FavoriteTVC.swift */,
				E5815F51250BB07A000D149D /* TrackTVC.swift */,
				E5815F53250BB0A4000D149D /* CollectionTVC.swift */,
				E592F706250D33EF003FDF2A /* CashVC.swift */,
				33B717492515AF570013A923 /* ChefGoogleMapVC.swift */,
				33C8ADB52515C4F100C5CEFA /* PostVC.swift */,
				E5AF25C1250A01DA00FBAD9F /* Login.swift */,
				33C8ADB12515C39800C5CEFA /* RecipesTVCViewController.swift */,
				E59294F124FA8E7B00C8F9A2 /* Main.storyboard */,
				C51F73F12514D6AB004FB72C /* OrderListParentViewController.swift */,
				33C8ADB32515C49500C5CEFA /* RecipeDetailViewController.swift */,
				33B7174B2515B0470013A923 /* GoogleMapVC.swift */,
				C51F73EF2514C026004FB72C /* startingOrderInfoTableViewController.swift */,
				C51F73ED2514A25F004FB72C /* StartingTableViewCell.swift */,
				C51F73EB2514A0D1004FB72C /* StartingTableViewController.swift */,
				C51F73E925149C4C004FB72C /* StartingDetailViewController.swift */,
				C51F73E72514613D004FB72C /* OrderInfoTableViewController.swift */,
				C51F73E5251459DD004FB72C /* WaittingDetailTableViewCell.swift */,
				C51F73E325138E1C004FB72C /* WaittingDetailViewController.swift */,
				C51F73DF25134F3C004FB72C /* WaittingTableViewController.swift */,
				C52B584D250E3EBB000B312A /* MenuController.swift */,
				E59294F624FA8E7E00C8F9A2 /* LaunchScreen.storyboard */,
				C5808F8D250F974100CF80FC /* TotalOrderListViewController.swift */,
				C52B5849250E3E3A000B312A /* MenuCollectionViewController.swift */,
				33C8ADAD2515C2BA00C5CEFA /* ChatPageController.swift */,
				E59294F424FA8E7E00C8F9A2 /* Assets.xcassets */,
				E59294F924FA8E7E00C8F9A2 /* Info.plist */,
				33D29957250E034C0026F280 /* TPDirect.framework */,
			);
			path = UberCook;
			sourceTree = "<group>";
		};
/* End PBXGroup section */

/* Begin PBXNativeTarget section */
		E59294E724FA8E7B00C8F9A2 /* UberCook */ = {
			isa = PBXNativeTarget;
			buildConfigurationList = E59294FC24FA8E7E00C8F9A2 /* Build configuration list for PBXNativeTarget "UberCook" */;
			buildPhases = (
				16B3D018DECAFC4567C3BED2 /* [CP] Check Pods Manifest.lock */,
				E59294E424FA8E7B00C8F9A2 /* Sources */,
				E59294E524FA8E7B00C8F9A2 /* Frameworks */,
				E59294E624FA8E7B00C8F9A2 /* Resources */,
				C203826A5044B67317D85655 /* [CP] Embed Pods Frameworks */,
				2BBC8509126BEF5D6942543B /* [CP] Copy Pods Resources */,
			);
			buildRules = (
			);
			dependencies = (
			);
			name = UberCook;
			productName = UberCook;
			productReference = E59294E824FA8E7B00C8F9A2 /* UberCook.app */;
			productType = "com.apple.product-type.application";
		};
/* End PBXNativeTarget section */

/* Begin PBXProject section */
		E59294E024FA8E7B00C8F9A2 /* Project object */ = {
			isa = PBXProject;
			attributes = {
				LastSwiftUpdateCheck = 1200;
				LastUpgradeCheck = 1200;
				TargetAttributes = {
					E59294E724FA8E7B00C8F9A2 = {
						CreatedOnToolsVersion = 12.0;
					};
				};
			};
			buildConfigurationList = E59294E324FA8E7B00C8F9A2 /* Build configuration list for PBXProject "UberCook" */;
			compatibilityVersion = "Xcode 9.3";
			developmentRegion = en;
			hasScannedForEncodings = 0;
			knownRegions = (
				en,
				Base,
			);
			mainGroup = E59294DF24FA8E7B00C8F9A2;
			productRefGroup = E59294E924FA8E7B00C8F9A2 /* Products */;
			projectDirPath = "";
			projectRoot = "";
			targets = (
				E59294E724FA8E7B00C8F9A2 /* UberCook */,
			);
		};
/* End PBXProject section */

/* Begin PBXResourcesBuildPhase section */
		E59294E624FA8E7B00C8F9A2 /* Resources */ = {
			isa = PBXResourcesBuildPhase;
			buildActionMask = 2147483647;
			files = (
				E59294F824FA8E7E00C8F9A2 /* LaunchScreen.storyboard in Resources */,
				E59294F524FA8E7E00C8F9A2 /* Assets.xcassets in Resources */,
				E59294F324FA8E7B00C8F9A2 /* Main.storyboard in Resources */,
			);
			runOnlyForDeploymentPostprocessing = 0;
		};
/* End PBXResourcesBuildPhase section */

/* Begin PBXShellScriptBuildPhase section */
		16B3D018DECAFC4567C3BED2 /* [CP] Check Pods Manifest.lock */ = {
			isa = PBXShellScriptBuildPhase;
			buildActionMask = 2147483647;
			files = (
			);
			inputFileListPaths = (
			);
			inputPaths = (
				"${PODS_PODFILE_DIR_PATH}/Podfile.lock",
				"${PODS_ROOT}/Manifest.lock",
			);
			name = "[CP] Check Pods Manifest.lock";
			outputFileListPaths = (
			);
			outputPaths = (
				"$(DERIVED_FILE_DIR)/Pods-UberCook-checkManifestLockResult.txt",
			);
			runOnlyForDeploymentPostprocessing = 0;
			shellPath = /bin/sh;
			shellScript = "diff \"${PODS_PODFILE_DIR_PATH}/Podfile.lock\" \"${PODS_ROOT}/Manifest.lock\" > /dev/null\nif [ $? != 0 ] ; then\n    # print error to STDERR\n    echo \"error: The sandbox is not in sync with the Podfile.lock. Run 'pod install' or update your CocoaPods installation.\" >&2\n    exit 1\nfi\n# This output is used by Xcode 'outputs' to avoid re-running this script phase.\necho \"SUCCESS\" > \"${SCRIPT_OUTPUT_FILE_0}\"\n";
			showEnvVarsInLog = 0;
		};
		2BBC8509126BEF5D6942543B /* [CP] Copy Pods Resources */ = {
			isa = PBXShellScriptBuildPhase;
			buildActionMask = 2147483647;
			files = (
			);
			inputFileListPaths = (
				"${PODS_ROOT}/Target Support Files/Pods-UberCook/Pods-UberCook-resources-${CONFIGURATION}-input-files.xcfilelist",
			);
			name = "[CP] Copy Pods Resources";
			outputFileListPaths = (
				"${PODS_ROOT}/Target Support Files/Pods-UberCook/Pods-UberCook-resources-${CONFIGURATION}-output-files.xcfilelist",
			);
			runOnlyForDeploymentPostprocessing = 0;
			shellPath = /bin/sh;
			shellScript = "\"${PODS_ROOT}/Target Support Files/Pods-UberCook/Pods-UberCook-resources.sh\"\n";
			showEnvVarsInLog = 0;
		};
		C203826A5044B67317D85655 /* [CP] Embed Pods Frameworks */ = {
			isa = PBXShellScriptBuildPhase;
			buildActionMask = 2147483647;
			files = (
			);
			inputFileListPaths = (
				"${PODS_ROOT}/Target Support Files/Pods-UberCook/Pods-UberCook-frameworks-${CONFIGURATION}-input-files.xcfilelist",
			);
			name = "[CP] Embed Pods Frameworks";
			outputFileListPaths = (
				"${PODS_ROOT}/Target Support Files/Pods-UberCook/Pods-UberCook-frameworks-${CONFIGURATION}-output-files.xcfilelist",
			);
			runOnlyForDeploymentPostprocessing = 0;
			shellPath = /bin/sh;
			shellScript = "\"${PODS_ROOT}/Target Support Files/Pods-UberCook/Pods-UberCook-frameworks.sh\"\n";
			showEnvVarsInLog = 0;
		};
/* End PBXShellScriptBuildPhase section */

/* Begin PBXSourcesBuildPhase section */
		E59294E424FA8E7B00C8F9A2 /* Sources */ = {
			isa = PBXSourcesBuildPhase;
			buildActionMask = 2147483647;
			files = (
				E5AF25C2250A01DA00FBAD9F /* Login.swift in Sources */,
				E514952F250B4A1800A7290D /* FavoriteTVC.swift in Sources */,
				E514952B250A1B1E00A7290D /* Track.swift in Sources */,
				33D29950250DF2790026F280 /* Wallet.swift in Sources */,
				C51F73E025134F3C004FB72C /* WaittingTableViewController.swift in Sources */,
				C51F73EE2514A25F004FB72C /* StartingTableViewCell.swift in Sources */,
				33C8ADB22515C39800C5CEFA /* RecipesTVCViewController.swift in Sources */,
				33C8ADB82515C52500C5CEFA /* MessageTVC.swift in Sources */,
				C51F73EC2514A0D1004FB72C /* StartingTableViewController.swift in Sources */,
				E592950024FAA37700C8F9A2 /* Common.swift in Sources */,
				33B7174A2515AF570013A923 /* ChefGoogleMapVC.swift in Sources */,
				E589F8E225094E4D00169A6D /* User_name.swift in Sources */,
				C52B584E250E3EBB000B312A /* MenuController.swift in Sources */,
				33C8ADB62515C4F100C5CEFA /* PostVC.swift in Sources */,
				E5925C3525001617002D5C4D /* RecipeListCell.swift in Sources */,
				C51F73E6251459DD004FB72C /* WaittingDetailTableViewCell.swift in Sources */,
				33D2994E250DF02D0026F280 /* StoreValueTableViewController.swift in Sources */,
				C51F73E225134F63004FB72C /* WaittingTableViewCell.swift in Sources */,
				33C8ADAE2515C2BA00C5CEFA /* ChatPageController.swift in Sources */,
				E5925C3124FFF2DE002D5C4D /* BlogHeardReusableView.swift in Sources */,
				E5925C2D24FF9E5D002D5C4D /* BlogCollectionViewCell.swift in Sources */,
				C52B584C250E3E7F000B312A /* MenuCollectionViewCell.swift in Sources */,
				C5808F8E250F974100CF80FC /* TotalOrderListViewController.swift in Sources */,
				E5815F54250BB0A4000D149D /* CollectionTVC.swift in Sources */,
				E592F705250BF60F003FDF2A /* CollectionCell.swift in Sources */,
				E529F70225037E610079A593 /* Caches.swift in Sources */,
				E592F701250BD778003FDF2A /* TrackCell.swift in Sources */,
				C51F73E425138E1C004FB72C /* WaittingDetailViewController.swift in Sources */,
				C51F73EA25149C4D004FB72C /* StartingDetailViewController.swift in Sources */,
				E59294EC24FA8E7B00C8F9A2 /* AppDelegate.swift in Sources */,
				E592F707250D33F0003FDF2A /* CashVC.swift in Sources */,
				C51F73F22514D6AC004FB72C /* OrderListParentViewController.swift in Sources */,
				33C8ADBC2515C59600C5CEFA /* MessageCell.swift in Sources */,
				33C8ADB02515C30400C5CEFA /* BlogViewController.swift in Sources */,
				E592950624FABD7700C8F9A2 /* Home.swift in Sources */,
				33C8ADB42515C49500C5CEFA /* RecipeDetailViewController.swift in Sources */,
				33B7174C2515B0470013A923 /* GoogleMapVC.swift in Sources */,
				C52B584A250E3E3A000B312A /* MenuCollectionViewController.swift in Sources */,
				C51F73F02514C027004FB72C /* startingOrderInfoTableViewController.swift in Sources */,
				B761D6CE2510663C00AA0071 /* FriendChatCell.swift in Sources */,
				E5149529250A037600A7290D /* StateMessage.swift in Sources */,
				B761D6D02510664900AA0071 /* MyChatCell.swift in Sources */,
				33D29954250DF8E50026F280 /* WalletCell.swift in Sources */,
				E514952D250B499F00A7290D /* FavoriteTableViewCell.swift in Sources */,
				E592950824FADED000C8F9A2 /* ChefLeader.swift in Sources */,
				C51F73E82514613D004FB72C /* OrderInfoTableViewController.swift in Sources */,
				E5925C2F24FFA0B9002D5C4D /* Blog.swift in Sources */,
				E592F703250BF308003FDF2A /* Collection.swift in Sources */,
				C5808F962511E24B00CF80FC /* OrderObj.swift in Sources */,
				E5149528250A037600A7290D /* ChatMessage.swift in Sources */,
				E592950E24FC2C9700C8F9A2 /* Recipe.swift in Sources */,
				C5808F8C250F94FC00CF80FC /* TotalOrderListTableViewCell.swift in Sources */,
				E5925C3725001E1E002D5C4D /* RecipeList.swift in Sources */,
				33B7174F2515B1860013A923 /* Order_Point.swift in Sources */,
				E59294EE24FA8E7B00C8F9A2 /* SceneDelegate.swift in Sources */,
				C5808F90250F9D3300CF80FC /* GlobalVariables.swift in Sources */,
				E589F8E42509F31100169A6D /* LoginObj.swift in Sources */,
				E5815F52250BB07A000D149D /* TrackTVC.swift in Sources */,
				33C8ADBA2515C55000C5CEFA /* Message.swift in Sources */,
				33B717502515B1860013A923 /* MapPath.swift in Sources */,
				E592950C24FBA1B500C8F9A2 /* HomeCollectionViewCell.swift in Sources */,
			);
			runOnlyForDeploymentPostprocessing = 0;
		};
/* End PBXSourcesBuildPhase section */

/* Begin PBXVariantGroup section */
		E59294F124FA8E7B00C8F9A2 /* Main.storyboard */ = {
			isa = PBXVariantGroup;
			children = (
				E59294F224FA8E7B00C8F9A2 /* Base */,
			);
			name = Main.storyboard;
			sourceTree = "<group>";
		};
		E59294F624FA8E7E00C8F9A2 /* LaunchScreen.storyboard */ = {
			isa = PBXVariantGroup;
			children = (
				E59294F724FA8E7E00C8F9A2 /* Base */,
			);
			name = LaunchScreen.storyboard;
			sourceTree = "<group>";
		};
/* End PBXVariantGroup section */

/* Begin XCBuildConfiguration section */
		E59294FA24FA8E7E00C8F9A2 /* Debug */ = {
			isa = XCBuildConfiguration;
			buildSettings = {
				ALWAYS_SEARCH_USER_PATHS = NO;
				CLANG_ANALYZER_NONNULL = YES;
				CLANG_ANALYZER_NUMBER_OBJECT_CONVERSION = YES_AGGRESSIVE;
				CLANG_CXX_LANGUAGE_STANDARD = "gnu++14";
				CLANG_CXX_LIBRARY = "libc++";
				CLANG_ENABLE_MODULES = YES;
				CLANG_ENABLE_OBJC_ARC = YES;
				CLANG_ENABLE_OBJC_WEAK = YES;
				CLANG_WARN_BLOCK_CAPTURE_AUTORELEASING = YES;
				CLANG_WARN_BOOL_CONVERSION = YES;
				CLANG_WARN_COMMA = YES;
				CLANG_WARN_CONSTANT_CONVERSION = YES;
				CLANG_WARN_DEPRECATED_OBJC_IMPLEMENTATIONS = YES;
				CLANG_WARN_DIRECT_OBJC_ISA_USAGE = YES_ERROR;
				CLANG_WARN_DOCUMENTATION_COMMENTS = YES;
				CLANG_WARN_EMPTY_BODY = YES;
				CLANG_WARN_ENUM_CONVERSION = YES;
				CLANG_WARN_INFINITE_RECURSION = YES;
				CLANG_WARN_INT_CONVERSION = YES;
				CLANG_WARN_NON_LITERAL_NULL_CONVERSION = YES;
				CLANG_WARN_OBJC_IMPLICIT_RETAIN_SELF = YES;
				CLANG_WARN_OBJC_LITERAL_CONVERSION = YES;
				CLANG_WARN_OBJC_ROOT_CLASS = YES_ERROR;
				CLANG_WARN_QUOTED_INCLUDE_IN_FRAMEWORK_HEADER = YES;
				CLANG_WARN_RANGE_LOOP_ANALYSIS = YES;
				CLANG_WARN_STRICT_PROTOTYPES = YES;
				CLANG_WARN_SUSPICIOUS_MOVE = YES;
				CLANG_WARN_UNGUARDED_AVAILABILITY = YES_AGGRESSIVE;
				CLANG_WARN_UNREACHABLE_CODE = YES;
				CLANG_WARN__DUPLICATE_METHOD_MATCH = YES;
				COPY_PHASE_STRIP = NO;
				DEBUG_INFORMATION_FORMAT = dwarf;
				ENABLE_STRICT_OBJC_MSGSEND = YES;
				ENABLE_TESTABILITY = YES;
				GCC_C_LANGUAGE_STANDARD = gnu11;
				GCC_DYNAMIC_NO_PIC = NO;
				GCC_NO_COMMON_BLOCKS = YES;
				GCC_OPTIMIZATION_LEVEL = 0;
				GCC_PREPROCESSOR_DEFINITIONS = (
					"DEBUG=1",
					"$(inherited)",
				);
				GCC_WARN_64_TO_32_BIT_CONVERSION = YES;
				GCC_WARN_ABOUT_RETURN_TYPE = YES_ERROR;
				GCC_WARN_UNDECLARED_SELECTOR = YES;
				GCC_WARN_UNINITIALIZED_AUTOS = YES_AGGRESSIVE;
				GCC_WARN_UNUSED_FUNCTION = YES;
				GCC_WARN_UNUSED_VARIABLE = YES;
				IPHONEOS_DEPLOYMENT_TARGET = 14.0;
				MTL_ENABLE_DEBUG_INFO = INCLUDE_SOURCE;
				MTL_FAST_MATH = YES;
				ONLY_ACTIVE_ARCH = YES;
				SDKROOT = iphoneos;
				SWIFT_ACTIVE_COMPILATION_CONDITIONS = DEBUG;
				SWIFT_OPTIMIZATION_LEVEL = "-Onone";
			};
			name = Debug;
		};
		E59294FB24FA8E7E00C8F9A2 /* Release */ = {
			isa = XCBuildConfiguration;
			buildSettings = {
				ALWAYS_SEARCH_USER_PATHS = NO;
				CLANG_ANALYZER_NONNULL = YES;
				CLANG_ANALYZER_NUMBER_OBJECT_CONVERSION = YES_AGGRESSIVE;
				CLANG_CXX_LANGUAGE_STANDARD = "gnu++14";
				CLANG_CXX_LIBRARY = "libc++";
				CLANG_ENABLE_MODULES = YES;
				CLANG_ENABLE_OBJC_ARC = YES;
				CLANG_ENABLE_OBJC_WEAK = YES;
				CLANG_WARN_BLOCK_CAPTURE_AUTORELEASING = YES;
				CLANG_WARN_BOOL_CONVERSION = YES;
				CLANG_WARN_COMMA = YES;
				CLANG_WARN_CONSTANT_CONVERSION = YES;
				CLANG_WARN_DEPRECATED_OBJC_IMPLEMENTATIONS = YES;
				CLANG_WARN_DIRECT_OBJC_ISA_USAGE = YES_ERROR;
				CLANG_WARN_DOCUMENTATION_COMMENTS = YES;
				CLANG_WARN_EMPTY_BODY = YES;
				CLANG_WARN_ENUM_CONVERSION = YES;
				CLANG_WARN_INFINITE_RECURSION = YES;
				CLANG_WARN_INT_CONVERSION = YES;
				CLANG_WARN_NON_LITERAL_NULL_CONVERSION = YES;
				CLANG_WARN_OBJC_IMPLICIT_RETAIN_SELF = YES;
				CLANG_WARN_OBJC_LITERAL_CONVERSION = YES;
				CLANG_WARN_OBJC_ROOT_CLASS = YES_ERROR;
				CLANG_WARN_QUOTED_INCLUDE_IN_FRAMEWORK_HEADER = YES;
				CLANG_WARN_RANGE_LOOP_ANALYSIS = YES;
				CLANG_WARN_STRICT_PROTOTYPES = YES;
				CLANG_WARN_SUSPICIOUS_MOVE = YES;
				CLANG_WARN_UNGUARDED_AVAILABILITY = YES_AGGRESSIVE;
				CLANG_WARN_UNREACHABLE_CODE = YES;
				CLANG_WARN__DUPLICATE_METHOD_MATCH = YES;
				COPY_PHASE_STRIP = NO;
				DEBUG_INFORMATION_FORMAT = "dwarf-with-dsym";
				ENABLE_NS_ASSERTIONS = NO;
				ENABLE_STRICT_OBJC_MSGSEND = YES;
				GCC_C_LANGUAGE_STANDARD = gnu11;
				GCC_NO_COMMON_BLOCKS = YES;
				GCC_WARN_64_TO_32_BIT_CONVERSION = YES;
				GCC_WARN_ABOUT_RETURN_TYPE = YES_ERROR;
				GCC_WARN_UNDECLARED_SELECTOR = YES;
				GCC_WARN_UNINITIALIZED_AUTOS = YES_AGGRESSIVE;
				GCC_WARN_UNUSED_FUNCTION = YES;
				GCC_WARN_UNUSED_VARIABLE = YES;
				IPHONEOS_DEPLOYMENT_TARGET = 14.0;
				MTL_ENABLE_DEBUG_INFO = NO;
				MTL_FAST_MATH = YES;
				SDKROOT = iphoneos;
				SWIFT_COMPILATION_MODE = wholemodule;
				SWIFT_OPTIMIZATION_LEVEL = "-O";
				VALIDATE_PRODUCT = YES;
			};
			name = Release;
		};
		E59294FD24FA8E7E00C8F9A2 /* Debug */ = {
			isa = XCBuildConfiguration;
			baseConfigurationReference = B45D85793F5E1DD143A49539 /* Pods-UberCook.debug.xcconfig */;
			buildSettings = {
				ASSETCATALOG_COMPILER_APPICON_NAME = AppIcon;
				ASSETCATALOG_COMPILER_GLOBAL_ACCENT_COLOR_NAME = AccentColor;
				CODE_SIGN_IDENTITY = "Apple Development";
				CODE_SIGN_STYLE = Automatic;
				DEVELOPMENT_TEAM = N6SZVS35NU;
				FRAMEWORK_SEARCH_PATHS = (
					"$(inherited)",
					"$(PROJECT_DIR)/UberCook",
				);
				INFOPLIST_FILE = UberCook/Info.plist;
				LD_RUNPATH_SEARCH_PATHS = (
					"$(inherited)",
					"@executable_path/Frameworks",
				);
				PRODUCT_BUNDLE_IDENTIFIER = tw.chao.UberCook;
				PRODUCT_NAME = "$(TARGET_NAME)";
				PROVISIONING_PROFILE_SPECIFIER = "";
				SWIFT_VERSION = 5.0;
				TARGETED_DEVICE_FAMILY = "1,2";
			};
			name = Debug;
		};
		E59294FE24FA8E7E00C8F9A2 /* Release */ = {
			isa = XCBuildConfiguration;
			baseConfigurationReference = 0A179A3B26CE5E7A8DFCE1F0 /* Pods-UberCook.release.xcconfig */;
			buildSettings = {
				ASSETCATALOG_COMPILER_APPICON_NAME = AppIcon;
				ASSETCATALOG_COMPILER_GLOBAL_ACCENT_COLOR_NAME = AccentColor;
				CODE_SIGN_IDENTITY = "Apple Development";
				CODE_SIGN_STYLE = Automatic;
				DEVELOPMENT_TEAM = N6SZVS35NU;
				FRAMEWORK_SEARCH_PATHS = (
					"$(inherited)",
					"$(PROJECT_DIR)/UberCook",
				);
				INFOPLIST_FILE = UberCook/Info.plist;
				LD_RUNPATH_SEARCH_PATHS = (
					"$(inherited)",
					"@executable_path/Frameworks",
				);
				PRODUCT_BUNDLE_IDENTIFIER = tw.chao.UberCook;
				PRODUCT_NAME = "$(TARGET_NAME)";
				PROVISIONING_PROFILE_SPECIFIER = "";
				SWIFT_VERSION = 5.0;
				TARGETED_DEVICE_FAMILY = "1,2";
			};
			name = Release;
		};
/* End XCBuildConfiguration section */

/* Begin XCConfigurationList section */
		E59294E324FA8E7B00C8F9A2 /* Build configuration list for PBXProject "UberCook" */ = {
			isa = XCConfigurationList;
			buildConfigurations = (
				E59294FA24FA8E7E00C8F9A2 /* Debug */,
				E59294FB24FA8E7E00C8F9A2 /* Release */,
			);
			defaultConfigurationIsVisible = 0;
			defaultConfigurationName = Release;
		};
		E59294FC24FA8E7E00C8F9A2 /* Build configuration list for PBXNativeTarget "UberCook" */ = {
			isa = XCConfigurationList;
			buildConfigurations = (
				E59294FD24FA8E7E00C8F9A2 /* Debug */,
				E59294FE24FA8E7E00C8F9A2 /* Release */,
			);
			defaultConfigurationIsVisible = 0;
			defaultConfigurationName = Release;
		};
/* End XCConfigurationList section */
	};
	rootObject = E59294E024FA8E7B00C8F9A2 /* Project object */;
}
